{
  "nodes": {
    "art-dupl": {
      "inputs": {
        "gogenfilter": [
          "gogenfilter"
        ],
        "nixpkgs": [
          "nixpkgs"
        ]
      },
      "locked": {
        "lastModified": 1779162740,
        "narHash": "sha256-l6rTAICw85ewfhnX20rQis6xJmMqWkrlF3HtoSwUuGk=",
        "ref": "master",
        "rev": "0664052c2297ea1831d4d2c4ade1b03034644716",
        "revCount": 1307,
        "type": "git",
        "url": "ssh://git@github.com/LarsArtmann/art-dupl"
      },
      "original": {
        "ref": "master",
        "type": "git",
        "url": "ssh://git@github.com/LarsArtmann/art-dupl"
      }
    },
    "branching-flow": {
      "inputs": {
        "flake-utils": [
          "flake-utils"
        ],
        "go-finding": [
          "go-finding"
        ],
        "go-output": [
          "go-output"
        ],
        "nixpkgs": [
          "nixpkgs"
        ]
      },
      "locked": {
        "lastModified": 1779311455,
        "narHash": "sha256-u2qiaXCcDOz0Q5oAP6IQGPe/Rfvh6N+58JRngY/vueU=",
        "ref": "master",
        "rev": "9a032898cbb02f4080c76301d607193a57047631",
        "revCount": 1664,
        "type": "git",
        "url": "ssh://git@github.com/LarsArtmann/branching-flow"
      },
      "original": {
        "ref": "master",
        "type": "git",
        "url": "ssh://git@github.com/LarsArtmann/branching-flow"
      }
    },
    "brew-src": {
      "flake": false,
      "locked": {
        "lastModified": 1778427648,
        "narHash": "sha256-pt9KaDGsMyYWB9JeHs4XGHs870f1lOZe3vx9LpVIhUE=",
        "owner": "Homebrew",
        "repo": "brew",
        "rev": "6f293daa9f9f5832e13b497976335e90509886d7",
        "type": "github"
      },
      "original": {
        "owner": "Homebrew",
        "ref": "5.1.11",
        "repo": "brew",
        "type": "github"
      }
    },
    "buildflow": {
      "inputs": {
        "cmdguard": [
          "cmdguard"
        ],
        "flake-utils": [
          "flake-utils"
        ],
        "go-branded-id": [
          "go-branded-id"
        ],
        "go-finding": [
          "go-finding"
        ],
        "go-output": [
          "go-output"
        ],
        "nixpkgs": [
          "nixpkgs"
        ]
      },
      "locked": {
        "lastModified": 1779317087,
        "narHash": "sha256-BcvZOvywy1fIdgAdZj3ovXK9c1rs0LEHDJToNrdZS20=",
        "ref": "master",
        "rev": "6b01ec446690bc2f9effc0a9ad42717057eb6eff",
        "revCount": 2511,
        "type": "git",
        "url": "ssh://git@github.com/LarsArtmann/BuildFlow"
      },
      "original": {
        "ref": "master",
        "type": "git",
        "url": "ssh://git@github.com/LarsArtmann/BuildFlow"
      }
    },
    "cmdguard": {
      "flake": false,
      "locked": {
        "lastModified": 1779160733,
        "narHash": "sha256-8xZTl/tJPGog/WMXc46hEW2oOInCAiuJ3A0yyaNOZoM=",
        "ref": "master",
        "rev": "942c30a664674262fd688a84e791f3992fbd33f1",
        "revCount": 520,
        "type": "git",
        "url": "ssh://git@github.com/LarsArtmann/cmdguard"
      },
      "original": {
        "ref": "master",
        "type": "git",
        "url": "ssh://git@github.com/LarsArtmann/cmdguard"
      }
    },
    "cmdguard-src": {
      "flake": false,
      "locked": {
        "lastModified": 1779160733,
        "narHash": "sha256-8xZTl/tJPGog/WMXc46hEW2oOInCAiuJ3A0yyaNOZoM=",
        "ref": "master",
        "rev": "942c30a664674262fd688a84e791f3992fbd33f1",
        "revCount": 520,
        "type": "git",
        "url": "ssh://git@github.com/LarsArtmann/cmdguard"
      },
      "original": {
        "ref": "master",
        "type": "git",
        "url": "ssh://git@github.com/LarsArtmann/cmdguard"
      }
    },
    "crush-config": {
      "inputs": {
        "flake-parts": [
          "flake-parts"
        ],
        "nixpkgs": [
          "nixpkgs"
        ]
      },
      "locked": {
        "lastModified": 1779149012,
        "narHash": "sha256-ZuRa5nNGUcKX0mRPk4MHRzUVqptksuEB+hvy/dZ7Wd0=",
        "ref": "master",
        "rev": "c3a8014a816f180b3edb990c5c29ea38f5a882f6",
        "revCount": 109,
        "type": "git",
        "url": "ssh://git@github.com/LarsArtmann/crush-config"
      },
      "original": {
        "ref": "master",
        "type": "git",
        "url": "ssh://git@github.com/LarsArtmann/crush-config"
      }
    },
    "dnsblockd": {
      "inputs": {
        "flake-parts": [
          "flake-parts"
        ],
        "nixpkgs": [
          "nixpkgs"
        ],
        "treefmt-nix": [
          "treefmt-nix"
        ]
      },
      "locked": {
        "lastModified": 1779314618,
        "narHash": "sha256-O5OXxDVvW+PxtmDAC0sR8dwf0wbT8vsHPmkuAXpOO0U=",
        "ref": "master",
        "rev": "f832f9ffe6730065961c6a135a64a228a1ad5247",
        "revCount": 281,
        "type": "git",
        "url": "ssh://git@github.com/LarsArtmann/dnsblockd"
      },
      "original": {
        "ref": "master",
        "type": "git",
        "url": "ssh://git@github.com/LarsArtmann/dnsblockd"
      }
    },
    "emeet-pixyd": {
      "inputs": {
        "nixpkgs": [
          "nixpkgs"
        ]
      },
      "locked": {
        "lastModified": 1779280847,
        "narHash": "sha256-f1GSpawY8rX5MuELSjQhrer/vi0L9VOmnrT3isscXsY=",
        "ref": "master",
        "rev": "9e7ee9e1b303830dd4cdbba8724b2741509e66cf",
        "revCount": 160,
        "type": "git",
        "url": "ssh://git@github.com/LarsArtmann/emeet-pixyd"
      },
      "original": {
        "ref": "master",
        "type": "git",
        "url": "ssh://git@github.com/LarsArtmann/emeet-pixyd"
      }
    },
    "file-and-image-renamer": {
      "inputs": {
        "cmdguard-src": "cmdguard-src",
        "flake-parts": [
          "flake-parts"
        ],
        "go-output-src": "go-output-src",
        "nixpkgs": [
          "nixpkgs"
        ]
      },
      "locked": {
        "lastModified": 1779312701,
        "narHash": "sha256-b+71YPMOYZAkAqjxQFh2NRJPcIrcuyTFSuIuBUmwPTs=",
        "ref": "master",
        "rev": "2cc8e123b785dc8dee7ff88f248eee9c1031c66d",
        "revCount": 334,
        "type": "git",
        "url": "ssh://git@github.com/LarsArtmann/file-and-image-renamer"
      },
      "original": {
        "ref": "master",
        "type": "git",
        "url": "ssh://git@github.com/LarsArtmann/file-and-image-renamer"
      }
    },
    "flake-compat": {
      "flake": false,
      "locked": {
        "lastModified": 1767039857,
        "narHash": "sha256-vNpUSpF5Nuw8xvDLj2KCwwksIbjua2LZCqhV1LNRDns=",
        "owner": "NixOS",
        "repo": "flake-compat",
        "rev": "5edf11c44bc78a0d334f6334cdaf7d60d732daab",
        "type": "github"
      },
      "original": {
        "owner": "NixOS",
        "repo": "flake-compat",
        "type": "github"
      }
    },
    "flake-parts": {
      "inputs": {
        "nixpkgs-lib": "nixpkgs-lib"
      },
      "locked": {
        "lastModified": 1778716662,
        "narHash": "sha256-m1Yf0wZ8j1OHjTc2UwHwyQRSnNeSgLJOd7q5Y45hzi4=",
        "owner": "hercules-ci",
        "repo": "flake-parts",
        "rev": "f7c1a2d347e4c52d5fb8d10cb4d94b5884e546fb",
        "type": "github"
      },
      "original": {
        "owner": "hercules-ci",
        "repo": "flake-parts",
        "type": "github"
      }
    },
    "flake-utils": {
      "inputs": {
        "systems": [
          "systems"
        ]
      },
      "locked": {
        "lastModified": 1731533236,
        "narHash": "sha256-l0KFg5HjrsfsO/JpG+r7fRrqm12kzFHyUHqHCVpMMbI=",
        "owner": "numtide",
        "repo": "flake-utils",
        "rev": "11707dc2f618dd54ca8739b309ec4fc024de578b",
        "type": "github"
      },
      "original": {
        "owner": "numtide",
        "repo": "flake-utils",
        "type": "github"
      }
    },
    "git-hooks-nix": {
      "inputs": {
        "flake-compat": "flake-compat",
        "gitignore": "gitignore",
        "nixpkgs": [
          "library-policy",
          "nixpkgs"
        ]
      },
      "locked": {
        "lastModified": 1778507602,
        "narHash": "sha256-kTwur1wV+01SdqskVMSo6JMEpg71ps3HpbFY2GsflKs=",
        "owner": "cachix",
        "repo": "git-hooks.nix",
        "rev": "61ab0e80d9c7ab14c256b5b453d8b3fb0189ba0a",
        "type": "github"
      },
      "original": {
        "owner": "cachix",
        "repo": "git-hooks.nix",
        "type": "github"
      }
    },
    "gitignore": {
      "inputs": {
        "nixpkgs": [
          "library-policy",
          "git-hooks-nix",
          "nixpkgs"
        ]
      },
      "locked": {
        "lastModified": 1709087332,
        "narHash": "sha256-HG2cCnktfHsKV0s4XW83gU3F57gaTljL9KNSuG6bnQs=",
        "owner": "hercules-ci",
        "repo": "gitignore.nix",
        "rev": "637db329424fd7e46cf4185293b9cc8c88c95394",
        "type": "github"
      },
      "original": {
        "owner": "hercules-ci",
        "repo": "gitignore.nix",
        "type": "github"
      }
    },
    "go-auto-upgrade": {
      "inputs": {
        "cmdguard": [
          "cmdguard"
        ],
        "flake-utils": [
          "flake-utils"
        ],
        "go-branded-id": [
          "go-branded-id"
        ],
        "go-finding": [
          "go-finding"
        ],
        "go-output": [
          "go-output"
        ],
        "nixpkgs": [
          "nixpkgs"
        ]
      },
      "locked": {
        "lastModified": 1779277297,
        "narHash": "sha256-yArhAU8pKZWzgVvJw5WlOj/xpo8xUPN9L9BNn4JdwqE=",
        "ref": "master",
        "rev": "e731fb98326b48625a5cd9ce5211ab4a86d06389",
        "revCount": 337,
        "type": "git",
        "url": "ssh://git@github.com/LarsArtmann/go-auto-upgrade"
      },
      "original": {
        "ref": "master",
        "type": "git",
        "url": "ssh://git@github.com/LarsArtmann/go-auto-upgrade"
      }
    },
    "go-branded-id": {
      "flake": false,
      "locked": {
        "lastModified": 1779281843,
        "narHash": "sha256-XC4PPQh/SCh2EMTKMQQu4iglsrLcZ7lJJmAR7ht0hmY=",
        "ref": "master",
        "rev": "b404c13b5aeaab580f0c4fdecef975ac1d729c5b",
        "revCount": 49,
        "type": "git",
        "url": "ssh://git@github.com/LarsArtmann/go-branded-id"
      },
      "original": {
        "ref": "master",
        "type": "git",
        "url": "ssh://git@github.com/LarsArtmann/go-branded-id"
      }
    },
    "go-commit": {
      "flake": false,
      "locked": {
        "lastModified": 1778986580,
        "narHash": "sha256-jlKqMuKKEvNKHMwO3wQqRW7HVBGsUMv9XI3+uY/7Dc0=",
        "ref": "master",
        "rev": "750718417670311bc2fabe2d803ee01ed27e3067",
        "revCount": 202,
        "type": "git",
        "url": "ssh://git@github.com/LarsArtmann/go-commit"
      },
      "original": {
        "ref": "master",
        "type": "git",
        "url": "ssh://git@github.com/LarsArtmann/go-commit"
      }
    },
    "go-composable-business-types": {
      "flake": false,
      "locked": {
        "lastModified": 1778986576,
        "narHash": "sha256-ywNbFtBz291FQ//9DtX/bKDHtOiaKfkR8YxD6jN7GYM=",
        "ref": "master",
        "rev": "901e854bb581ddf30562c06fcb709ca142bcd337",
        "revCount": 281,
        "type": "git",
        "url": "ssh://git@github.com/LarsArtmann/go-composable-business-types"
      },
      "original": {
        "ref": "master",
        "type": "git",
        "url": "ssh://git@github.com/LarsArtmann/go-composable-business-types"
      }
    },
    "go-filewatcher": {
      "flake": false,
      "locked": {
        "lastModified": 1779160596,
        "narHash": "sha256-NCnRdHhKtT3Nkqbjl6HHXflzpOK+/vFoeQndnLJ4mvg=",
        "ref": "master",
        "rev": "963f457f449103a70583de5e2af27684d71393ad",
        "revCount": 219,
        "type": "git",
        "url": "ssh://git@github.com/LarsArtmann/go-filewatcher"
      },
      "original": {
        "ref": "master",
        "type": "git",
        "url": "ssh://git@github.com/LarsArtmann/go-filewatcher"
      }
    },
    "go-finding": {
      "flake": false,
      "locked": {
        "lastModified": 1779162132,
        "narHash": "sha256-uAdJ0g95axEm+2wNP/U6AIRTjG/OKG6Zervasd6QyzU=",
        "ref": "master",
        "rev": "957e2334862a23bc26ce0283cdd876b0fbeac28c",
        "revCount": 561,
        "type": "git",
        "url": "ssh://git@github.com/LarsArtmann/go-finding"
      },
      "original": {
        "ref": "master",
        "type": "git",
        "url": "ssh://git@github.com/LarsArtmann/go-finding"
      }
    },
    "go-output": {
      "flake": false,
      "locked": {
        "lastModified": 1779310925,
        "narHash": "sha256-DNneKmSirVk5D866hEquYw0+6YnFWyiQJDJX8hFufnI=",
        "ref": "master",
        "rev": "a5cf21e2947c0f560bb6976110817c29f2bfdfed",
        "revCount": 303,
        "type": "git",
        "url": "ssh://git@github.com/LarsArtmann/go-output"
      },
      "original": {
        "ref": "master",
        "type": "git",
        "url": "ssh://git@github.com/LarsArtmann/go-output"
      }
    },
    "go-output-src": {
      "flake": false,
      "locked": {
        "lastModified": 1779210421,
        "narHash": "sha256-fsaMCvpVGPb5fgg6DtDLEf/BDUEOhII9v1oXIah3K4k=",
        "ref": "master",
        "rev": "6d556481629ea7e7dc2caa2546561fc61acd2ec0",
        "revCount": 302,
        "type": "git",
        "url": "ssh://git@github.com/LarsArtmann/go-output"
      },
      "original": {
        "ref": "master",
        "type": "git",
        "url": "ssh://git@github.com/LarsArtmann/go-output"
      }
    },
    "go-structure-linter": {
      "inputs": {
        "go-branded-id": [
          "go-branded-id"
        ],
        "go-finding": [
          "go-finding"
        ],
        "go-output": [
          "go-output"
        ],
        "gogenfilter": [
          "gogenfilter"
        ],
        "nixpkgs": [
          "nixpkgs"
        ]
      },
      "locked": {
        "lastModified": 1779314665,
        "narHash": "sha256-Ub4fXvMPKmKIjvl/meeqnSDZQK9WmpytzwU9LeAwLXI=",
        "ref": "master",
        "rev": "4f058f0a8f974bf2919c5d0b8c8cb7d65c63f4fc",
        "revCount": 918,
        "type": "git",
        "url": "ssh://git@github.com/LarsArtmann/go-structure-linter"
      },
      "original": {
        "ref": "master",
        "type": "git",
        "url": "ssh://git@github.com/LarsArtmann/go-structure-linter"
      }
    },
    "gogenfilter": {
      "flake": false,
      "locked": {
        "lastModified": 1779212704,
        "narHash": "sha256-KR09sPapvfteaIcznUjH3H2LMG6Nx+XxaXwZp4S2nws=",
        "ref": "master",
        "rev": "2a0e0ec3dfdadfadc152a027bd98db4e7d151bd5",
        "revCount": 581,
        "type": "git",
        "url": "ssh://git@github.com/LarsArtmann/gogenfilter"
      },
      "original": {
        "ref": "master",
        "type": "git",
        "url": "ssh://git@github.com/LarsArtmann/gogenfilter"
      }
    },
    "golangci-lint-auto-configure": {
      "inputs": {
        "flake-utils": [
          "flake-utils"
        ],
        "goFindingSrc": [
          "go-finding"
        ],
        "nixpkgs": [
          "nixpkgs"
        ]
      },
      "locked": {
        "lastModified": 1779310887,
        "narHash": "sha256-BLyJvrTNsJBcwegz3RzvhhrBQUe63SSJd00TkYM+YWw=",
        "ref": "master",
        "rev": "da82d460558bdbfb133dae4e853013a484853dbb",
        "revCount": 532,
        "type": "git",
        "url": "ssh://git@github.com/LarsArtmann/golangci-lint-auto-configure"
      },
      "original": {
        "ref": "master",
        "type": "git",
        "url": "ssh://git@github.com/LarsArtmann/golangci-lint-auto-configure"
      }
    },
    "helium": {
      "inputs": {
        "nixpkgs": [
          "nixpkgs"
        ],
        "utils": [
          "flake-utils"
        ]
      },
      "locked": {
        "lastModified": 1778817414,
        "narHash": "sha256-U1pJAxTPbPMn/SCwePgIwoiMWD43QgUAIL7J3kxgAAU=",
        "owner": "vikingnope",
        "repo": "helium-browser-nix-flake",
        "rev": "53a220890870c24d8c7ad6a21b8d63260e94507f",
        "type": "github"
      },
      "original": {
        "owner": "vikingnope",
        "repo": "helium-browser-nix-flake",
        "type": "github"
      }
    },
    "hermes-agent": {
      "inputs": {
        "flake-parts": [
          "flake-parts"
        ],
        "nixpkgs": [
          "nixpkgs"
        ],
        "npm-lockfile-fix": "npm-lockfile-fix",
        "pyproject-build-systems": "pyproject-build-systems",
        "pyproject-nix": "pyproject-nix_2",
        "uv2nix": "uv2nix_2"
      },
      "locked": {
        "lastModified": 1778925537,
        "narHash": "sha256-d9qhrTy45Q5UsmjapqMHOVi9e+gR9zE8Nq9Z0wObLmc=",
        "owner": "NousResearch",
        "repo": "hermes-agent",
        "rev": "a91a57fa5a13d516c38b07a141a9ce8a3daabeb0",
        "type": "github"
      },
      "original": {
        "owner": "NousResearch",
        "ref": "v2026.5.16",
        "repo": "hermes-agent",
        "type": "github"
      }
    },
    "hierarchical-errors": {
      "inputs": {
        "flake-utils": [
          "flake-utils"
        ],
        "go-filewatcher": [
          "go-filewatcher"
        ],
        "go-finding": [
          "go-finding"
        ],
        "gogenfilter": [
          "gogenfilter"
        ],
        "nixpkgs": [
          "nixpkgs"
        ]
      },
      "locked": {
        "lastModified": 1779210388,
        "narHash": "sha256-Fcb1w/3+blTKZoE/U5BOHNouLrmllQ4nkRyMfHlC2ME=",
        "ref": "master",
        "rev": "3f2515355c7a7ef19ce7136c559afa857dde207c",
        "revCount": 586,
        "type": "git",
        "url": "ssh://git@github.com/LarsArtmann/hierarchical-errors"
      },
      "original": {
        "ref": "master",
        "type": "git",
        "url": "ssh://git@github.com/LarsArtmann/hierarchical-errors"
      }
    },
    "home-manager": {
      "inputs": {
        "nixpkgs": [
          "nixpkgs"
        ]
      },
      "locked": {
        "lastModified": 1779213149,
        "narHash": "sha256-Cf+p/T4Z3n9Sw0TiR3kQaIwQI+/hfvLJcoTzeq6yS3E=",
        "owner": "nix-community",
        "repo": "home-manager",
        "rev": "bd868f769a69d3b6091a1da68a75cb83a181033c",
        "type": "github"
      },
      "original": {
        "owner": "nix-community",
        "repo": "home-manager",
        "type": "github"
      }
    },
    "homebrew-bundle": {
      "flake": false,
      "locked": {
        "lastModified": 1745335228,
        "narHash": "sha256-TIKR2UgtyUmHLNZp255/vLs+1I10hXe+sciMEbAGFwE=",
        "owner": "homebrew",
        "repo": "homebrew-bundle",
        "rev": "a3265c84b232e13048ecbf6fc18a2eedfadbeb08",
        "type": "github"
      },
      "original": {
        "owner": "homebrew",
        "repo": "homebrew-bundle",
        "type": "github"
      }
    },
    "homebrew-cask": {
      "flake": false,
      "locked": {
        "lastModified": 1779310552,
        "narHash": "sha256-shQNZ7NhVuSKbZdVrqFx7QnR5W321csH75mPZmg9rXE=",
        "owner": "homebrew",
        "repo": "homebrew-cask",
        "rev": "8b5f63d33f08988f76ec137d2d151c8d99debd3e",
        "type": "github"
      },
      "original": {
        "owner": "homebrew",
        "repo": "homebrew-cask",
        "type": "github"
      }
    },
    "library-policy": {
      "inputs": {
        "flake-parts": [
          "flake-parts"
        ],
        "git-hooks-nix": "git-hooks-nix",
        "nixpkgs": [
          "nixpkgs"
        ],
        "treefmt-nix": [
          "treefmt-nix"
        ]
      },
      "locked": {
        "lastModified": 1779153679,
        "narHash": "sha256-nvj7xzlahLxobjRVyCGGWE/bAUTv1MFpsd+WSPRl9xQ=",
        "ref": "master",
        "rev": "8ba0ca3327db3d1e534cb50c598174d303ae5f25",
        "revCount": 719,
        "type": "git",
        "url": "ssh://git@github.com/LarsArtmann/library-policy"
      },
      "original": {
        "ref": "master",
        "type": "git",
        "url": "ssh://git@github.com/LarsArtmann/library-policy"
      }
    },
    "monitor365": {
      "inputs": {
        "flake-utils": [
          "flake-utils"
        ],
        "nixpkgs": [
          "nixpkgs"
        ],
        "rust-overlay": "rust-overlay"
      },
      "locked": {
        "lastModified": 1779210418,
        "narHash": "sha256-c5KFD3cxOAfxreA7dvPjlv8PE/UYmisZt/22g73AsMk=",
        "ref": "master",
        "rev": "67a446978b2710e52780e4c93e0ef732323a8c6a",
        "revCount": 784,
        "type": "git",
        "url": "ssh://git@github.com/LarsArtmann/monitor365"
      },
      "original": {
        "ref": "master",
        "type": "git",
        "url": "ssh://git@github.com/LarsArtmann/monitor365"
      }
    },
    "mr-sync": {
      "inputs": {
        "cmdguard": [
          "cmdguard"
        ],
        "go-branded-id": [
          "go-branded-id"
        ],
        "go-output": [
          "go-output"
        ],
        "nixpkgs": [
          "nixpkgs"
        ]
      },
      "locked": {
        "lastModified": 1779314657,
        "narHash": "sha256-1QhgVdgVPf/AJCVxqKcfRsQEoWi9D/eSIqvmmh2lRvA=",
        "ref": "master",
        "rev": "aa5c8a82ffa576b3d9f7462746ad01b65f366c82",
        "revCount": 78,
        "type": "git",
        "url": "ssh://git@github.com/LarsArtmann/mr-sync"
      },
      "original": {
        "ref": "master",
        "type": "git",
        "url": "ssh://git@github.com/LarsArtmann/mr-sync"
      }
    },
    "niri": {
      "inputs": {
        "niri-stable": "niri-stable",
        "niri-unstable": "niri-unstable",
        "nixpkgs": [
          "nixpkgs"
        ],
        "nixpkgs-stable": "nixpkgs-stable",
        "xwayland-satellite-stable": "xwayland-satellite-stable",
        "xwayland-satellite-unstable": "xwayland-satellite-unstable"
      },
      "locked": {
        "lastModified": 1779213531,
        "narHash": "sha256-B4pOfIX6CpCD/cKckwNP3DYDxEUBG1x/K3vqwYNonx4=",
        "owner": "sodiboo",
        "repo": "niri-flake",
        "rev": "f4027707431220ffb660ae0da0e03fd5229ab4d9",
        "type": "github"
      },
      "original": {
        "owner": "sodiboo",
        "repo": "niri-flake",
        "type": "github"
      }
    },
    "niri-session-manager": {
      "inputs": {
        "nixpkgs": [
          "nixpkgs"
        ],
        "systems": [
          "systems"
        ],
        "treefmt-nix": [
          "treefmt-nix"
        ]
      },
      "locked": {
        "lastModified": 1753450115,
        "narHash": "sha256-5itrK5V9ZHGKIjKODTcneAanvs021Bk0CBJxBYRPaMs=",
        "owner": "MTeaHead",
        "repo": "niri-session-manager",
        "rev": "2d9ae35bb654ad0cdc5f646e5fee446bf3af083c",
        "type": "github"
      },
      "original": {
        "owner": "MTeaHead",
        "repo": "niri-session-manager",
        "type": "github"
      }
    },
    "niri-stable": {
      "flake": false,
      "locked": {
        "lastModified": 1756556321,
        "narHash": "sha256-RLD89dfjN0RVO86C/Mot0T7aduCygPGaYbog566F0Qo=",
        "owner": "YaLTeR",
        "repo": "niri",
        "rev": "01be0e65f4eb91a9cd624ac0b76aaeab765c7294",
        "type": "github"
      },
      "original": {
        "owner": "YaLTeR",
        "ref": "v25.08",
        "repo": "niri",
        "type": "github"
      }
    },
    "niri-unstable": {
      "flake": false,
      "locked": {
        "lastModified": 1778858756,
        "narHash": "sha256-9VvAHNoi2wd0fxLfJOPChZMS7l6rhCtAJmpd59Hv5rw=",
        "owner": "YaLTeR",
        "repo": "niri",
        "rev": "cd5ac3e5e04bb5a11276d3c755fa25242818e05f",
        "type": "github"
      },
      "original": {
        "owner": "YaLTeR",
        "repo": "niri",
        "type": "github"
      }
    },
    "nix-amd-npu": {
      "inputs": {
        "flake-parts": [
          "flake-parts"
        ],
        "nixpkgs": [
          "nixpkgs"
        ]
      },
      "locked": {
        "lastModified": 1775660927,
        "narHash": "sha256-x1EDOW47T7ph8z2AjPHJMkxWivn/Q04ZSr3JBOFEV9s=",
        "owner": "robcohen",
        "repo": "nix-amd-npu",
        "rev": "8848c6f3382852290ac25fbe7634058c4e9c037e",
        "type": "github"
      },
      "original": {
        "owner": "robcohen",
        "repo": "nix-amd-npu",
        "type": "github"
      }
    },
    "nix-darwin": {
      "inputs": {
        "nixpkgs": [
          "nixpkgs"
        ]
      },
      "locked": {
        "lastModified": 1779036909,
        "narHash": "sha256-zXcwYQGCT6pzinK+1dBB2ekTVtfxGZAapb3Evdcu4fY=",
        "owner": "LnL7",
        "repo": "nix-darwin",
        "rev": "56c666e108467d87d13508936aade6d567f2a501",
        "type": "github"
      },
      "original": {
        "owner": "LnL7",
        "repo": "nix-darwin",
        "type": "github"
      }
    },
    "nix-homebrew": {
      "inputs": {
        "brew-src": "brew-src"
      },
      "locked": {
        "lastModified": 1778851564,
        "narHash": "sha256-p8wzcnpB2Iys+QzAKM9/Eyw/pUyqCO3sw/NCnDH4dTE=",
        "owner": "zhaofengli-wip",
        "repo": "nix-homebrew",
        "rev": "b3a87b4793205cc111f3c61e25e018ffac3b8039",
        "type": "github"
      },
      "original": {
        "owner": "zhaofengli-wip",
        "repo": "nix-homebrew",
        "type": "github"
      }
    },
    "nix-ssh-config": {
      "inputs": {
        "home-manager": [
          "home-manager"
        ],
        "nixpkgs": [
          "nixpkgs"
        ],
        "treefmt-full-flake": [
          "treefmt-full-flake"
        ]
      },
      "locked": {
        "lastModified": 1779211671,
        "narHash": "sha256-4yYZQZhcuJlBBly9tSn8SWpOdTiEm0Wms7qC7PwMuKc=",
        "owner": "LarsArtmann",
        "repo": "nix-ssh-config",
        "rev": "018d1ce9a45e77423bcde740e1deea5014252c3c",
        "type": "github"
      },
      "original": {
        "owner": "LarsArtmann",
        "repo": "nix-ssh-config",
        "type": "github"
      }
    },
    "nixos-hardware": {
      "locked": {
        "lastModified": 1779258371,
        "narHash": "sha256-j1iZsLy6oFApqR1oiDmHhvkwxXqcNi0aoSJj643LuwU=",
        "owner": "NixOS",
        "repo": "nixos-hardware",
        "rev": "c97bc4d15bd3473dd095e8e8ba57330ab1943a77",
        "type": "github"
      },
      "original": {
        "owner": "NixOS",
        "repo": "nixos-hardware",
        "type": "github"
      }
    },
    "nixpkgs": {
      "locked": {
        "lastModified": 1778869304,
        "narHash": "sha256-30sZNZoA1cqF5JNO9fVX+wgiQYjB7HJqqJ4ztCDeBZE=",
        "owner": "NixOS",
        "repo": "nixpkgs",
        "rev": "d233902339c02a9c334e7e593de68855ad26c4cb",
        "type": "github"
      },
      "original": {
        "owner": "NixOS",
        "ref": "nixpkgs-unstable",
        "repo": "nixpkgs",
        "type": "github"
      }
    },
    "nixpkgs-lib": {
      "locked": {
        "lastModified": 1777168982,
        "narHash": "sha256-GOkGPcboWE9BmGCRMLX3worL4EMnsnG8MyKmXNeYuhQ=",
        "owner": "nix-community",
        "repo": "nixpkgs.lib",
        "rev": "f5901329dade4a6ea039af1433fb087bd9c1fe14",
        "type": "github"
      },
      "original": {
        "owner": "nix-community",
        "repo": "nixpkgs.lib",
        "type": "github"
      }
    },
    "nixpkgs-stable": {
      "locked": {
        "lastModified": 1779102034,
        "narHash": "sha256-vZJZjLo513IeI8hjzHFc6TDezUd4uCE2Eq4SNO3DNNg=",
        "owner": "NixOS",
        "repo": "nixpkgs",
        "rev": "687f05a9184cad4eaf905c48b63649e3a86f5433",
        "type": "github"
      },
      "original": {
        "owner": "NixOS",
        "ref": "nixos-25.11",
        "repo": "nixpkgs",
        "type": "github"
      }
    },
    "npm-lockfile-fix": {
      "inputs": {
        "nixpkgs": [
          "hermes-agent",
          "nixpkgs"
        ]
      },
      "locked": {
        "lastModified": 1775903712,
        "narHash": "sha256-2GV79U6iVH4gKAPWYrxUReB0S41ty/Y3dBLquU8AlaA=",
        "owner": "jeslie0",
        "repo": "npm-lockfile-fix",
        "rev": "c6093acb0c0548e0f9b8b3d82918823721930fe8",
        "type": "github"
      },
      "original": {
        "owner": "jeslie0",
        "repo": "npm-lockfile-fix",
        "type": "github"
      }
    },
    "nur": {
      "inputs": {
        "flake-parts": [
          "flake-parts"
        ],
        "nixpkgs": [
          "nixpkgs"
        ]
      },
      "locked": {
        "lastModified": 1779303795,
        "narHash": "sha256-U2M1UsT5zlDnSQSZjr6hCUHgenbtk8XQ8t10f00oSsw=",
        "owner": "nix-community",
        "repo": "NUR",
        "rev": "d3867d7a188a771fe7898c6d1763a55bdf60f0be",
        "type": "github"
      },
      "original": {
        "owner": "nix-community",
        "repo": "NUR",
        "type": "github"
      }
    },
    "otel-tui": {
      "inputs": {
        "flake-utils": [
          "flake-utils"
        ],
        "nixpkgs": [
          "nixpkgs"
        ]
      },
      "locked": {
        "lastModified": 1779112345,
        "narHash": "sha256-KBYrVkwg55Nzqk88+z6CODQ73WXbtNijXK/bLcprSdU=",
        "owner": "ymtdzzz",
        "repo": "otel-tui",
        "rev": "d261db9a6887648d1693386272e6994a552324fc",
        "type": "github"
      },
      "original": {
        "owner": "ymtdzzz",
        "repo": "otel-tui",
        "type": "github"
      }
    },
    "project-discovery-sdk": {
      "flake": false,
      "locked": {
        "lastModified": 1779036944,
        "narHash": "sha256-KMaF1lJbL2tMaW4F/7FVq9SYvI+ZQGKN612sYn3I5Vg=",
        "ref": "master",
        "rev": "f019f6fe20c67f77703a0084820ae823b774d0c1",
        "revCount": 73,
        "type": "git",
        "url": "ssh://git@github.com/LarsArtmann/project-discovery-sdk"
      },
      "original": {
        "ref": "master",
        "type": "git",
        "url": "ssh://git@github.com/LarsArtmann/project-discovery-sdk"
      }
    },
    "project-meta": {
      "flake": false,
      "locked": {
        "lastModified": 1778955126,
        "narHash": "sha256-TIHn/Q61z5PPuozCBP9nUGAcgVO98H98WMEysYLnjPM=",
        "ref": "master",
        "rev": "8b29d3802e833b9e6abf3bd3ab3833be703c5765",
        "revCount": 237,
        "type": "git",
        "url": "ssh://git@github.com/LarsArtmann/project-meta"
      },
      "original": {
        "ref": "master",
        "type": "git",
        "url": "ssh://git@github.com/LarsArtmann/project-meta"
      }
    },
    "projects-management-automation": {
      "inputs": {
        "cmdguard": [
          "cmdguard"
        ],
        "flake-utils": [
          "flake-utils"
        ],
        "go-branded-id": [
          "go-branded-id"
        ],
        "go-commit": "go-commit",
        "go-composable-business-types": "go-composable-business-types",
        "go-filewatcher": [
          "go-filewatcher"
        ],
        "go-output": [
          "go-output"
        ],
        "gogenfilter": [
          "gogenfilter"
        ],
        "nixpkgs": [
          "nixpkgs"
        ],
        "project-discovery-sdk": "project-discovery-sdk",
        "project-meta": "project-meta"
      },
      "locked": {
        "lastModified": 1779317100,
        "narHash": "sha256-BgiGh1Q1psZuImfOEQpc2tZ3YYKeEwddAhDj1u5OSVU=",
        "ref": "master",
        "rev": "84a89482b0853298c9647766a3b98ef2293b5831",
        "revCount": 2634,
        "type": "git",
        "url": "ssh://git@github.com/LarsArtmann/projects-management-automation"
      },
      "original": {
        "ref": "master",
        "type": "git",
        "url": "ssh://git@github.com/LarsArtmann/projects-management-automation"
      }
    },
    "pyproject-build-systems": {
      "inputs": {
        "nixpkgs": [
          "hermes-agent",
          "nixpkgs"
        ],
        "pyproject-nix": "pyproject-nix",
        "uv2nix": "uv2nix"
      },
      "locked": {
        "lastModified": 1772555609,
        "narHash": "sha256-3BA3HnUvJSbHJAlJj6XSy0Jmu7RyP2gyB/0fL7XuEDo=",
        "owner": "pyproject-nix",
        "repo": "build-system-pkgs",
        "rev": "c37f66a953535c394244888598947679af231863",
        "type": "github"
      },
      "original": {
        "owner": "pyproject-nix",
        "repo": "build-system-pkgs",
        "type": "github"
      }
    },
    "pyproject-nix": {
      "inputs": {
        "nixpkgs": [
          "hermes-agent",
          "pyproject-build-systems",
          "nixpkgs"
        ]
      },
      "locked": {
        "lastModified": 1769936401,
        "narHash": "sha256-kwCOegKLZJM9v/e/7cqwg1p/YjjTAukKPqmxKnAZRgA=",
        "owner": "nix-community",
        "repo": "pyproject.nix",
        "rev": "b0d513eeeebed6d45b4f2e874f9afba2021f7812",
        "type": "github"
      },
      "original": {
        "owner": "nix-community",
        "repo": "pyproject.nix",
        "type": "github"
      }
    },
    "pyproject-nix_2": {
      "inputs": {
        "nixpkgs": [
          "hermes-agent",
          "nixpkgs"
        ]
      },
      "locked": {
        "lastModified": 1772865871,
        "narHash": "sha256-/ZTSg97aouL0SlPHaokA4r3iuH9QzHVuWPACD2CUCFY=",
        "owner": "pyproject-nix",
        "repo": "pyproject.nix",
        "rev": "e537db02e72d553cea470976b9733581bcf5b3ed",
        "type": "github"
      },
      "original": {
        "owner": "pyproject-nix",
        "repo": "pyproject.nix",
        "type": "github"
      }
    },
    "pyproject-nix_3": {
      "inputs": {
        "nixpkgs": [
          "hermes-agent",
          "uv2nix",
          "nixpkgs"
        ]
      },
      "locked": {
        "lastModified": 1771518446,
        "narHash": "sha256-nFJSfD89vWTu92KyuJWDoTQJuoDuddkJV3TlOl1cOic=",
        "owner": "pyproject-nix",
        "repo": "pyproject.nix",
        "rev": "eb204c6b3335698dec6c7fc1da0ebc3c6df05937",
        "type": "github"
      },
      "original": {
        "owner": "pyproject-nix",
        "repo": "pyproject.nix",
        "type": "github"
      }
    },
    "root": {
      "inputs": {
        "art-dupl": "art-dupl",
        "branching-flow": "branching-flow",
        "buildflow": "buildflow",
        "cmdguard": "cmdguard",
        "crush-config": "crush-config",
        "dnsblockd": "dnsblockd",
        "emeet-pixyd": "emeet-pixyd",
        "file-and-image-renamer": "file-and-image-renamer",
        "flake-parts": "flake-parts",
        "flake-utils": "flake-utils",
        "go-auto-upgrade": "go-auto-upgrade",
        "go-branded-id": "go-branded-id",
        "go-filewatcher": "go-filewatcher",
        "go-finding": "go-finding",
        "go-output": "go-output",
        "go-structure-linter": "go-structure-linter",
        "gogenfilter": "gogenfilter",
        "golangci-lint-auto-configure": "golangci-lint-auto-configure",
        "helium": "helium",
        "hermes-agent": "hermes-agent",
        "hierarchical-errors": "hierarchical-errors",
        "home-manager": "home-manager",
        "homebrew-bundle": "homebrew-bundle",
        "homebrew-cask": "homebrew-cask",
        "library-policy": "library-policy",
        "monitor365": "monitor365",
        "mr-sync": "mr-sync",
        "niri": "niri",
        "niri-session-manager": "niri-session-manager",
        "nix-amd-npu": "nix-amd-npu",
        "nix-darwin": "nix-darwin",
        "nix-homebrew": "nix-homebrew",
        "nix-ssh-config": "nix-ssh-config",
        "nixos-hardware": "nixos-hardware",
        "nixpkgs": "nixpkgs",
        "nur": "nur",
        "otel-tui": "otel-tui",
        "projects-management-automation": "projects-management-automation",
        "signoz-collector-src": "signoz-collector-src",
        "signoz-src": "signoz-src",
        "silent-sddm": "silent-sddm",
        "sops-nix": "sops-nix",
        "systems": "systems",
        "todo-list-ai": "todo-list-ai",
        "treefmt-full-flake": "treefmt-full-flake",
        "treefmt-nix": "treefmt-nix",
        "wallpapers-src": "wallpapers-src"
      }
    },
    "rust-overlay": {
      "inputs": {
        "nixpkgs": [
          "monitor365",
          "nixpkgs"
        ]
      },
      "locked": {
        "lastModified": 1779160702,
        "narHash": "sha256-frUihZLlBLdcFN95mq5QiQmxF2M16nxtmw1GH4rhZmg=",
        "owner": "oxalica",
        "repo": "rust-overlay",
        "rev": "8cd592658d4448c57326aaa819e1c2f91086eb40",
        "type": "github"
      },
      "original": {
        "owner": "oxalica",
        "repo": "rust-overlay",
        "type": "github"
      }
    },
    "signoz-collector-src": {
      "flake": false,
      "locked": {
        "lastModified": 1772084630,
        "narHash": "sha256-Z32qaaYuNiuLs8DzJqvteAKSybv5G8tzSFV7HqtHoDg=",
        "owner": "SigNoz",
        "repo": "signoz-otel-collector",
        "rev": "fcf0ed445b6741330abb714ba6a14f66e356450b",
        "type": "github"
      },
      "original": {
        "owner": "SigNoz",
        "ref": "v0.144.2",
        "repo": "signoz-otel-collector",
        "type": "github"
      }
    },
    "signoz-src": {
      "flake": false,
      "locked": {
        "lastModified": 1774519306,
        "narHash": "sha256-y9FFtpvVKk1dRRM52hpEcA6IVh2Aqu/by1kFkeFS+Tg=",
        "owner": "SigNoz",
        "repo": "signoz",
        "rev": "5db0501c02bcfe791858a3b2599b728ccfafdcf4",
        "type": "github"
      },
      "original": {
        "owner": "SigNoz",
        "ref": "v0.117.1",
        "repo": "signoz",
        "type": "github"
      }
    },
    "silent-sddm": {
      "inputs": {
        "nixpkgs": [
          "nixpkgs"
        ]
      },
      "locked": {
        "lastModified": 1779116225,
        "narHash": "sha256-o5jyK9JA8qru3Cn4drCo/JN2lizTE9x7jRymwSL6jRk=",
        "owner": "uiriansan",
        "repo": "SilentSDDM",
        "rev": "d7c812cbcb3206c0ea780a84463a7e9a625d1d67",
        "type": "github"
      },
      "original": {
        "owner": "uiriansan",
        "repo": "SilentSDDM",
        "type": "github"
      }
    },
    "sops-nix": {
      "inputs": {
        "nixpkgs": [
          "nixpkgs"
        ]
      },
      "locked": {
        "lastModified": 1777944972,
        "narHash": "sha256-VfGRo1qTBKOe3s2gOv8LSoA6Fk19PvBlwQ1ECN0Evn8=",
        "owner": "Mic92",
        "repo": "sops-nix",
        "rev": "c591bf665727040c6cc5cb409079acb22dcce33c",
        "type": "github"
      },
      "original": {
        "owner": "Mic92",
        "repo": "sops-nix",
        "type": "github"
      }
    },
    "systems": {
      "locked": {
        "lastModified": 1681028828,
        "narHash": "sha256-Vy1rq5AaRuLzOxct8nz4T6wlgyUR7zLU309k9mBC768=",
        "owner": "nix-systems",
        "repo": "default",
        "rev": "da67096a3b9bf56a91d16901293e51ba5b49a27e",
        "type": "github"
      },
      "original": {
        "owner": "nix-systems",
        "repo": "default",
        "type": "github"
      }
    },
    "todo-list-ai": {
      "inputs": {
        "flake-utils": [
          "flake-utils"
        ],
        "nixpkgs": [
          "nixpkgs"
        ]
      },
      "locked": {
        "lastModified": 1779149002,
        "narHash": "sha256-rk2WxnL3/jjqcPdrgru+FOElNE38iSHLh9cQd01oP0w=",
        "ref": "master",
        "rev": "9658405d3b0b6b09cb03d7efa4b47f2e4db344b9",
        "revCount": 336,
        "type": "git",
        "url": "ssh://git@github.com/LarsArtmann/todo-list-ai"
      },
      "original": {
        "ref": "master",
        "type": "git",
        "url": "ssh://git@github.com/LarsArtmann/todo-list-ai"
      }
    },
    "treefmt-full-flake": {
      "inputs": {
        "flake-parts": [
          "flake-parts"
        ],
        "nixpkgs": [
          "nixpkgs"
        ],
        "treefmt-nix": [
          "treefmt-nix"
        ]
      },
      "locked": {
        "lastModified": 1777755734,
        "narHash": "sha256-tkLR3Cpnrjx/+/fbuMei/vrlVIrZbcE+3xwRkfODRRM=",
        "owner": "LarsArtmann",
        "repo": "treefmt-full-flake",
        "rev": "1da39418efe1431ca4f008f81954a116fc7952b8",
        "type": "github"
      },
      "original": {
        "owner": "LarsArtmann",
        "repo": "treefmt-full-flake",
        "type": "github"
      }
    },
    "treefmt-nix": {
      "inputs": {
        "nixpkgs": [
          "nixpkgs"
        ]
      },
      "locked": {
        "lastModified": 1775636079,
        "narHash": "sha256-pc20NRoMdiar8oPQceQT47UUZMBTiMdUuWrYu2obUP0=",
        "owner": "numtide",
        "repo": "treefmt-nix",
        "rev": "790751ff7fd3801feeaf96d7dc416a8d581265ba",
        "type": "github"
      },
      "original": {
        "owner": "numtide",
        "repo": "treefmt-nix",
        "type": "github"
      }
    },
    "uv2nix": {
      "inputs": {
        "nixpkgs": [
          "hermes-agent",
          "pyproject-build-systems",
          "nixpkgs"
        ],
        "pyproject-nix": [
          "hermes-agent",
          "pyproject-build-systems",
          "pyproject-nix"
        ]
      },
      "locked": {
        "lastModified": 1770770348,
        "narHash": "sha256-A2GzkmzdYvdgmMEu5yxW+xhossP+txrYb7RuzRaqhlg=",
        "owner": "pyproject-nix",
        "repo": "uv2nix",
        "rev": "5d1b2cb4fe3158043fbafbbe2e46238abbc954b0",
        "type": "github"
      },
      "original": {
        "owner": "pyproject-nix",
        "repo": "uv2nix",
        "type": "github"
      }
    },
    "uv2nix_2": {
      "inputs": {
        "nixpkgs": [
          "hermes-agent",
          "nixpkgs"
        ],
        "pyproject-nix": "pyproject-nix_3"
      },
      "locked": {
        "lastModified": 1773039484,
        "narHash": "sha256-+boo33KYkJDw9KItpeEXXv8+65f7hHv/earxpcyzQ0I=",
        "owner": "pyproject-nix",
        "repo": "uv2nix",
        "rev": "b68be7cfeacbed9a3fa38a2b5adc0cfb81d9bb1f",
        "type": "github"
      },
      "original": {
        "owner": "pyproject-nix",
        "repo": "uv2nix",
        "type": "github"
      }
    },
    "wallpapers-src": {
      "flake": false,
      "locked": {
        "lastModified": 1778507388,
        "narHash": "sha256-yZjewDZKgEWt6I4TNGwwh4yE3/G7RQwciT5JY5qiC6o=",
        "ref": "master",
        "rev": "f3cc72319e57cc65cff1956e2212df883ff527bb",
        "revCount": 40,
        "type": "git",
        "url": "ssh://git@github.com/LarsArtmann/wallpapers"
      },
      "original": {
        "ref": "master",
        "type": "git",
        "url": "ssh://git@github.com/LarsArtmann/wallpapers"
      }
    },
    "xwayland-satellite-stable": {
      "flake": false,
      "locked": {
        "lastModified": 1755491097,
        "narHash": "sha256-m+9tUfsmBeF2Gn4HWa6vSITZ4Gz1eA1F5Kh62B0N4oE=",
        "owner": "Supreeeme",
        "repo": "xwayland-satellite",
        "rev": "388d291e82ffbc73be18169d39470f340707edaa",
        "type": "github"
      },
      "original": {
        "owner": "Supreeeme",
        "ref": "v0.7",
        "repo": "xwayland-satellite",
        "type": "github"
      }
    },
    "xwayland-satellite-unstable": {
      "flake": false,
      "locked": {
        "lastModified": 1773622265,
        "narHash": "sha256-wToKwH7IgWdGLMSIWksEDs4eumR6UbbsuPQ42r0oTXQ=",
        "owner": "Supreeeme",
        "repo": "xwayland-satellite",
        "rev": "a879e5e0896a326adc79c474bf457b8b99011027",
        "type": "github"
      },
      "original": {
        "owner": "Supreeeme",
        "repo": "xwayland-satellite",
        "type": "github"
      }
    }
  },
  "root": "root",
  "version": 7
}
