{
  "nodes": {
    "art-dupl": {
      "flake": false,
      "locked": {
        "lastModified": 1790302772,
        "narHash": "sha256-jAu0o1E51gqijLQqwoYtxnzF5ty+LD/zPqOAfI0DBPQ=",
        "owner": "LarsArtmann",
        "repo": "art-dupl",
        "rev": "502476ad73a605224f2b58589605633fac52d6f9",
        "type": "github"
      },
      "original": {
        "owner": "LarsArtmann",
        "ref": "v0.7.2",
        "repo": "art-dupl",
        "type": "github"
      }
    },
    "flake-parts": {
      "inputs": {
        "nixpkgs-lib": [
          "nixpkgs"
        ]
      },
      "locked": {
        "lastModified": 1790898470,
        "narHash": "sha256-zTwuwezD0w3hpga6a6P8emidzAZFyWqlNeRBlpWOOl8=",
        "owner": "hercules-ci",
        "repo": "flake-parts",
        "rev": "024633cd702b10285db5cb19b40ad48d2399ba60",
        "type": "github"
      },
      "original": {
        "owner": "hercules-ci",
        "repo": "flake-parts",
        "type": "github"
      }
    },
    "flake-parts_2": {
      "inputs": {
        "nixpkgs-lib": [
          "go-nix-helpers",
          "nixpkgs"
        ]
      },
      "locked": {
        "lastModified": 1790898470,
        "narHash": "sha256-zTwuwezD0w3hpga6a6P8emidzAZFyWqlNeRBlpWOOl8=",
        "owner": "hercules-ci",
        "repo": "flake-parts",
        "rev": "024633cd702b10285db5cb19b40ad48d2399ba60",
        "type": "github"
      },
      "original": {
        "owner": "hercules-ci",
        "repo": "flake-parts",
        "type": "github"
      }
    },
    "go-business-rules": {
      "flake": false,
      "locked": {
        "lastModified": 1789672915,
        "narHash": "sha256-59XydmOFW+Vv5XAxTNJDAjnnEgUUzU6yzBTG41Fp+10=",
        "owner": "LarsArtmann",
        "repo": "go-business-rules",
        "rev": "2e0660285a4b07c86af74b602118497f39e69a7e",
        "type": "github"
      },
      "original": {
        "owner": "LarsArtmann",
        "repo": "go-business-rules",
        "rev": "2e0660285a4b07c86af74b602118497f39e69a7e",
        "type": "github"
      }
    },
    "go-cqrs-lite": {
      "flake": false,
      "locked": {
        "lastModified": 1788885023,
        "narHash": "sha256-BTizkHtXPV4mjswLgfDPZFQ7Kij2JIQ1xe8JPRBMGmA=",
        "ref": "refs/heads/master",
        "rev": "8ab092fa515f99512c4ca0bb6f26b0c041b8704c",
        "revCount": 6350,
        "type": "git",
        "url": "ssh://git@github.com/LarsArtmann/go-cqrs-lite"
      },
      "original": {
        "rev": "e2f1137bf70ad07066eebaeb127f3bae0f5182b8",
        "type": "git",
        "url": "ssh://git@github.com/LarsArtmann/go-cqrs-lite"
      }
    },
    "go-nix-helpers": {
      "inputs": {
        "flake-parts": "flake-parts_2",
        "nixpkgs": [
          "nixpkgs"
        ],
        "treefmt-nix": "treefmt-nix"
      },
      "locked": {
        "lastModified": 1791359181,
        "narHash": "sha256-OkiOWUgLc6dwHXTS58hix19lQRhZ704iCiW0nqbvkxA=",
        "ref": "master",
        "rev": "ad423c8f97963d875e351e7752ab72687c24df80",
        "revCount": 251,
        "type": "git",
        "url": "ssh://git@github.com/LarsArtmann/go-nix-helpers"
      },
      "original": {
        "ref": "master",
        "type": "git",
        "url": "ssh://git@github.com/LarsArtmann/go-nix-helpers"
      }
    },
    "nixpkgs": {
      "locked": {
        "lastModified": 1791456040,
        "narHash": "sha256-H83yz/do+hjOO0uujHyH8RgtIQP2v7Mw+cLwcZK/xKc=",
        "owner": "NixOS",
        "repo": "nixpkgs",
        "rev": "e7439b6b14ad3cc35d05608ebca9bce01a25f5f8",
        "type": "github"
      },
      "original": {
        "owner": "NixOS",
        "ref": "nixos-unstable",
        "repo": "nixpkgs",
        "type": "github"
      }
    },
    "nixpkgs-typst": {
      "locked": {
        "lastModified": 1784292544,
        "narHash": "sha256-+qCT80fyM9hj/39iYAw4c6ZqzOJbvxi2NuGpxevn34U=",
        "owner": "NixOS",
        "repo": "nixpkgs",
        "rev": "3f659ad1617f7235f0279fb1772311553dec217d",
        "type": "github"
      },
      "original": {
        "owner": "NixOS",
        "repo": "nixpkgs",
        "rev": "3f659ad1617f7235f0279fb1772311553dec217d",
        "type": "github"
      }
    },
    "root": {
      "inputs": {
        "art-dupl": "art-dupl",
        "flake-parts": "flake-parts",
        "go-business-rules": "go-business-rules",
        "go-cqrs-lite": "go-cqrs-lite",
        "go-nix-helpers": "go-nix-helpers",
        "nixpkgs": "nixpkgs",
        "nixpkgs-typst": "nixpkgs-typst",
        "treefmt-nix": "treefmt-nix_2"
      }
    },
    "treefmt-nix": {
      "inputs": {
        "nixpkgs": [
          "go-nix-helpers",
          "nixpkgs"
        ]
      },
      "locked": {
        "lastModified": 1786901030,
        "narHash": "sha256-WSFCsDSE5ffgD2MqzkM2CYjeFiKhRF/dJUN8uedb6YE=",
        "owner": "numtide",
        "repo": "treefmt-nix",
        "rev": "27b3b12a8e6375f28ebe122f07d230ca5459bbfa",
        "type": "github"
      },
      "original": {
        "owner": "numtide",
        "repo": "treefmt-nix",
        "type": "github"
      }
    },
    "treefmt-nix_2": {
      "inputs": {
        "nixpkgs": [
          "nixpkgs"
        ]
      },
      "locked": {
        "lastModified": 1791474985,
        "narHash": "sha256-nfQLQPbfB7ody6DY/qPg/rprpVhXVM+9dav+m/rUiRM=",
        "owner": "numtide",
        "repo": "treefmt-nix",
        "rev": "2108ed809134967affc3f6ef203967c13af05a5f",
        "type": "github"
      },
      "original": {
        "owner": "numtide",
        "repo": "treefmt-nix",
        "type": "github"
      }
    }
  },
  "root": "root",
  "version": 7
}
